
Microsoft Visual Studio Solution File, Format Version 12.00
# Visual Studio Version 17
VisualStudioVersion = 17.8.34525.116
MinimumVisualStudioVersion = 10.0.40219.1
Project("{FAE04EC0-301F-11D3-BF4B-00C04F79EFBC}") = "BethanysPieShop", "BethanysPieShop\BethanysPieShop.csproj", "{8CE46E4E-164B-45C0-8414-A876D333D0CA}"
EndProject
Global
	GlobalSection(SolutionConfigurationPlatforms) = preSolution
		Debug|Any CPU = Debug|Any CPU
		Release|Any CPU = Release|Any CPU
	EndGlobalSection
	GlobalSection(ProjectConfigurationPlatforms) = postSolution
		{8CE46E4E-164B-45C0-8414-A876D333D0CA}.Debug|Any CPU.ActiveCfg = Debug|Any CPU
		{8CE46E4E-164B-45C0-8414-A876D333D0CA}.Debug|Any CPU.Build.0 = Debug|Any CPU
		{8CE46E4E-164B-45C0-8414-A876D333D0CA}.Release|Any CPU.ActiveCfg = Release|Any CPU
		{8CE46E4E-164B-45C0-8414-A876D333D0CA}.Release|Any CPU.Build.0 = Release|Any CPU
	EndGlobalSection
	GlobalSection(SolutionProperties) = preSolution
		HideSolutionNode = FALSE
	EndGlobalSection
	GlobalSection(ExtensibilityGlobals) = postSolution
		SolutionGuid = {BFB24E1A-A015-4AC6-A810-383D5FD3D992}
	EndGlobalSection
EndGlobal
